
Microsoft Visual Studio Solution File, Format Version 12.00
# Visual Studio Version 17
VisualStudioVersion = 17.11.35312.102
MinimumVisualStudioVersion = 10.0.40219.1
Project("{2150E333-8FDC-42A3-9474-1A3956D46DE8}") = "Core", "Core", "{E76F4641-3E15-4794-8461-59D6AD9CBEC2}"
EndProject
Project("{2150E333-8FDC-42A3-9474-1A3956D46DE8}") = "Infrastructure", "Infrastructure", "{250FBE55-2BFD-4053-ABB0-334CC87C542E}"
EndProject
Project("{2150E333-8FDC-42A3-9474-1A3956D46DE8}") = "Application", "Application", "{596F470C-D1E3-4F58-A39C-2AB33CA20F15}"
EndProject
Project("{2150E333-8FDC-42A3-9474-1A3956D46DE8}") = "Cross-cutting", "Cross-cutting", "{76476399-A32D-4F1B-BC89-62F8F56BE81D}"
EndProject
Project("{2150E333-8FDC-42A3-9474-1A3956D46DE8}") = "Presentation", "Presentation", "{86E8D430-AFE1-4DF2-A69E-B33AC93590FB}"
EndProject
Project("{FAE04EC0-301F-11D3-BF4B-00C04F79EFBC}") = "CleanArchDemo.Core", "CleanArchDemo.Core\CleanArchDemo.Core.csproj", "{77EAAA88-E1FE-4CF8-8557-FAE7B45CFEF0}"
EndProject
Project("{FAE04EC0-301F-11D3-BF4B-00C04F79EFBC}") = "CleanArchDemo.Infra.Data", "CleanArchDemo.Infra.Data\CleanArchDemo.Infra.Data.csproj", "{F93E307C-9CD9-4B9A-BBE2-2DFCF8570F2F}"
EndProject
Project("{FAE04EC0-301F-11D3-BF4B-00C04F79EFBC}") = "CleanArchDemo.Api", "CleanArchDemo.Api\CleanArchDemo.Api.csproj", "{EE4047AE-7423-4B55-BDA3-B2A1E82CE547}"
EndProject
Project("{FAE04EC0-301F-11D3-BF4B-00C04F79EFBC}") = "CleanArchDemo.Infra.Ioc", "CleanArchDemo.Infra.Ioc\CleanArchDemo.Infra.Ioc.csproj", "{B500866C-ED3D-49C9-AD1E-994F3D82FAAC}"
EndProject
Global
	GlobalSection(SolutionConfigurationPlatforms) = preSolution
		Debug|Any CPU = Debug|Any CPU
		Release|Any CPU = Release|Any CPU
	EndGlobalSection
	GlobalSection(ProjectConfigurationPlatforms) = postSolution
		{77EAAA88-E1FE-4CF8-8557-FAE7B45CFEF0}.Debug|Any CPU.ActiveCfg = Debug|Any CPU
		{77EAAA88-E1FE-4CF8-8557-FAE7B45CFEF0}.Debug|Any CPU.Build.0 = Debug|Any CPU
		{77EAAA88-E1FE-4CF8-8557-FAE7B45CFEF0}.Release|Any CPU.ActiveCfg = Release|Any CPU
		{77EAAA88-E1FE-4CF8-8557-FAE7B45CFEF0}.Release|Any CPU.Build.0 = Release|Any CPU
		{F93E307C-9CD9-4B9A-BBE2-2DFCF8570F2F}.Debug|Any CPU.ActiveCfg = Debug|Any CPU
		{F93E307C-9CD9-4B9A-BBE2-2DFCF8570F2F}.Debug|Any CPU.Build.0 = Debug|Any CPU
		{F93E307C-9CD9-4B9A-BBE2-2DFCF8570F2F}.Release|Any CPU.ActiveCfg = Release|Any CPU
		{F93E307C-9CD9-4B9A-BBE2-2DFCF8570F2F}.Release|Any CPU.Build.0 = Release|Any CPU
		{EE4047AE-7423-4B55-BDA3-B2A1E82CE547}.Debug|Any CPU.ActiveCfg = Debug|Any CPU
		{EE4047AE-7423-4B55-BDA3-B2A1E82CE547}.Debug|Any CPU.Build.0 = Debug|Any CPU
		{EE4047AE-7423-4B55-BDA3-B2A1E82CE547}.Release|Any CPU.ActiveCfg = Release|Any CPU
		{EE4047AE-7423-4B55-BDA3-B2A1E82CE547}.Release|Any CPU.Build.0 = Release|Any CPU
		{B500866C-ED3D-49C9-AD1E-994F3D82FAAC}.Debug|Any CPU.ActiveCfg = Debug|Any CPU
		{B500866C-ED3D-49C9-AD1E-994F3D82FAAC}.Debug|Any CPU.Build.0 = Debug|Any CPU
		{B500866C-ED3D-49C9-AD1E-994F3D82FAAC}.Release|Any CPU.ActiveCfg = Release|Any CPU
		{B500866C-ED3D-49C9-AD1E-994F3D82FAAC}.Release|Any CPU.Build.0 = Release|Any CPU
	EndGlobalSection
	GlobalSection(SolutionProperties) = preSolution
		HideSolutionNode = FALSE
	EndGlobalSection
	GlobalSection(NestedProjects) = preSolution
		{77EAAA88-E1FE-4CF8-8557-FAE7B45CFEF0} = {E76F4641-3E15-4794-8461-59D6AD9CBEC2}
		{F93E307C-9CD9-4B9A-BBE2-2DFCF8570F2F} = {250FBE55-2BFD-4053-ABB0-334CC87C542E}
		{EE4047AE-7423-4B55-BDA3-B2A1E82CE547} = {86E8D430-AFE1-4DF2-A69E-B33AC93590FB}
		{B500866C-ED3D-49C9-AD1E-994F3D82FAAC} = {76476399-A32D-4F1B-BC89-62F8F56BE81D}
	EndGlobalSection
	GlobalSection(ExtensibilityGlobals) = postSolution
		SolutionGuid = {C2E24B3E-5468-4CCD-9681-48410D367AC3}
	EndGlobalSection
EndGlobal
